// !$*UTF8*$!
{
	archiveVersion = 1;
	classes = {
	};
	objectVersion = 48;
	objects = {

/* Begin PBXBuildFile section */
		FFE0EB392030D57900A5256F /* AppDelegate.swift in Sources */ = {isa = PBXBuildFile; fileRef = FFE0EB382030D57900A5256F /* AppDelegate.swift */; };
		FFE0EB3B2030D57900A5256F /* ViewController.swift in Sources */ = {isa = PBXBuildFile; fileRef = FFE0EB3A2030D57900A5256F /* ViewController.swift */; };
		FFE0EB3E2030D57900A5256F /* Main.storyboard in Resources */ = {isa = PBXBuildFile; fileRef = FFE0EB3C2030D57900A5256F /* Main.storyboard */; };
		FFE0EB402030D57900A5256F /* Assets.xcassets in Resources */ = {isa = PBXBuildFile; fileRef = FFE0EB3F2030D57900A5256F /* Assets.xcassets */; };
		FFE0EB432030D57900A5256F /* LaunchScreen.storyboard in Resources */ = {isa = PBXBuildFile; fileRef = FFE0EB412030D57900A5256F /* LaunchScreen.storyboard */; };
		FFE0EB4E2030D57900A5256F /* iQuizTests.swift in Sources */ = {isa = PBXBuildFile; fileRef = FFE0EB4D2030D57900A5256F /* iQuizTests.swift */; };
		FFE0EB592030D57900A5256F /* iQuizUITests.swift in Sources */ = {isa = PBXBuildFile; fileRef = FFE0EB582030D57900A5256F /* iQuizUITests.swift */; };
		FFE0EB672030D67900A5256F /* SubjectRepository.swift in Sources */ = {isa = PBXBuildFile; fileRef = FFE0EB662030D67900A5256F /* SubjectRepository.swift */; };
/* End PBXBuildFile section */

/* Begin PBXContainerItemProxy section */
		FFE0EB4A2030D57900A5256F /* PBXContainerItemProxy */ = {
			isa = PBXContainerItemProxy;
			containerPortal = FFE0EB2D2030D57900A5256F /* Project object */;
			proxyType = 1;
			remoteGlobalIDString = FFE0EB342030D57900A5256F;
			remoteInfo = iQuiz;
		};
		FFE0EB552030D57900A5256F /* PBXContainerItemProxy */ = {
			isa = PBXContainerItemProxy;
			containerPortal = FFE0EB2D2030D57900A5256F /* Project object */;
			proxyType = 1;
			remoteGlobalIDString = FFE0EB342030D57900A5256F;
			remoteInfo = iQuiz;
		};
/* End PBXContainerItemProxy section */

/* Begin PBXFileReference section */
		FFE0EB352030D57900A5256F /* iQuiz.app */ = {isa = PBXFileReference; explicitFileType = wrapper.application; includeInIndex = 0; path = iQuiz.app; sourceTree = BUILT_PRODUCTS_DIR; };
		FFE0EB382030D57900A5256F /* AppDelegate.swift */ = {isa = PBXFileReference; lastKnownFileType = sourcecode.swift; path = AppDelegate.swift; sourceTree = "<group>"; };
		FFE0EB3A2030D57900A5256F /* ViewController.swift */ = {isa = PBXFileReference; lastKnownFileType = sourcecode.swift; path = ViewController.swift; sourceTree = "<group>"; };
		FFE0EB3D2030D57900A5256F /* Base */ = {isa = PBXFileReference; lastKnownFileType = file.storyboard; name = Base; path = Base.lproj/Main.storyboard; sourceTree = "<group>"; };
		FFE0EB3F2030D57900A5256F /* Assets.xcassets */ = {isa = PBXFileReference; lastKnownFileType = folder.assetcatalog; path = Assets.xcassets; sourceTree = "<group>"; };
		FFE0EB422030D57900A5256F /* Base */ = {isa = PBXFileReference; lastKnownFileType = file.storyboard; name = Base; path = Base.lproj/LaunchScreen.storyboard; sourceTree = "<group>"; };
		FFE0EB442030D57900A5256F /* Info.plist */ = {isa = PBXFileReference; lastKnownFileType = text.plist.xml; path = Info.plist; sourceTree = "<group>"; };
		FFE0EB492030D57900A5256F /* iQuizTests.xctest */ = {isa = PBXFileReference; explicitFileType = wrapper.cfbundle; includeInIndex = 0; path = iQuizTests.xctest; sourceTree = BUILT_PRODUCTS_DIR; };
		FFE0EB4D2030D57900A5256F /* iQuizTests.swift */ = {isa = PBXFileReference; lastKnownFileType = sourcecode.swift; path = iQuizTests.swift; sourceTree = "<group>"; };
		FFE0EB4F2030D57900A5256F /* Info.plist */ = {isa = PBXFileReference; lastKnownFileType = text.plist.xml; path = Info.plist; sourceTree = "<group>"; };
		FFE0EB542030D57900A5256F /* iQuizUITests.xctest */ = {isa = PBXFileReference; explicitFileType = wrapper.cfbundle; includeInIndex = 0; path = iQuizUITests.xctest; sourceTree = BUILT_PRODUCTS_DIR; };
		FFE0EB582030D57900A5256F /* iQuizUITests.swift */ = {isa = PBXFileReference; lastKnownFileType = sourcecode.swift; path = iQuizUITests.swift; sourceTree = "<group>"; };
		FFE0EB5A2030D57900A5256F /* Info.plist */ = {isa = PBXFileReference; lastKnownFileType = text.plist.xml; path = Info.plist; sourceTree = "<group>"; };
		FFE0EB662030D67900A5256F /* SubjectRepository.swift */ = {isa = PBXFileReference; lastKnownFileType = sourcecode.swift; path = SubjectRepository.swift; sourceTree = "<group>"; };
/* End PBXFileReference section */

/* Begin PBXFrameworksBuildPhase section */
		FFE0EB322030D57900A5256F /* Frameworks */ = {
			isa = PBXFrameworksBuildPhase;
			buildActionMask = 2147483647;
			files = (
			);
			runOnlyForDeploymentPostprocessing = 0;
		};
		FFE0EB462030D57900A5256F /* Frameworks */ = {
			isa = PBXFrameworksBuildPhase;
			buildActionMask = 2147483647;
			files = (
			);
			runOnlyForDeploymentPostprocessing = 0;
		};
		FFE0EB512030D57900A5256F /* Frameworks */ = {
			isa = PBXFrameworksBuildPhase;
			buildActionMask = 2147483647;
			files = (
			);
			runOnlyForDeploymentPostprocessing = 0;
		};
/* End PBXFrameworksBuildPhase section */

/* Begin PBXGroup section */
		FFE0EB2C2030D57900A5256F = {
			isa = PBXGroup;
			children = (
				FFE0EB372030D57900A5256F /* iQuiz */,
				FFE0EB4C2030D57900A5256F /* iQuizTests */,
				FFE0EB572030D57900A5256F /* iQuizUITests */,
				FFE0EB362030D57900A5256F /* Products */,
			);
			sourceTree = "<group>";
		};
		FFE0EB362030D57900A5256F /* Products */ = {
			isa = PBXGroup;
			children = (
				FFE0EB352030D57900A5256F /* iQuiz.app */,
				FFE0EB492030D57900A5256F /* iQuizTests.xctest */,
				FFE0EB542030D57900A5256F /* iQuizUITests.xctest */,
			);
			name = Products;
			sourceTree = "<group>";
		};
		FFE0EB372030D57900A5256F /* iQuiz */ = {
			isa = PBXGroup;
			children = (
				FFE0EB382030D57900A5256F /* AppDelegate.swift */,
				FFE0EB3A2030D57900A5256F /* ViewController.swift */,
				FFE0EB3C2030D57900A5256F /* Main.storyboard */,
				FFE0EB3F2030D57900A5256F /* Assets.xcassets */,
				FFE0EB412030D57900A5256F /* LaunchScreen.storyboard */,
				FFE0EB662030D67900A5256F /* SubjectRepository.swift */,
				FFE0EB442030D57900A5256F /* Info.plist */,
			);
			path = iQuiz;
			sourceTree = "<group>";
		};
		FFE0EB4C2030D57900A5256F /* iQuizTests */ = {
			isa = PBXGroup;
			children = (
				FFE0EB4D2030D57900A5256F /* iQuizTests.swift */,
				FFE0EB4F2030D57900A5256F /* Info.plist */,
			);
			path = iQuizTests;
			sourceTree = "<group>";
		};
		FFE0EB572030D57900A5256F /* iQuizUITests */ = {
			isa = PBXGroup;
			children = (
				FFE0EB582030D57900A5256F /* iQuizUITests.swift */,
				FFE0EB5A2030D57900A5256F /* Info.plist */,
			);
			path = iQuizUITests;
			sourceTree = "<group>";
		};
/* End PBXGroup section */

/* Begin PBXNativeTarget section */
		FFE0EB342030D57900A5256F /* iQuiz */ = {
			isa = PBXNativeTarget;
			buildConfigurationList = FFE0EB5D2030D57900A5256F /* Build configuration list for PBXNativeTarget "iQuiz" */;
			buildPhases = (
				FFE0EB312030D57900A5256F /* Sources */,
				FFE0EB322030D57900A5256F /* Frameworks */,
				FFE0EB332030D57900A5256F /* Resources */,
			);
			buildRules = (
			);
			dependencies = (
			);
			name = iQuiz;
			productName = iQuiz;
			productReference = FFE0EB352030D57900A5256F /* iQuiz.app */;
			productType = "com.apple.product-type.application";
		};
		FFE0EB482030D57900A5256F /* iQuizTests */ = {
			isa = PBXNativeTarget;
			buildConfigurationList = FFE0EB602030D57900A5256F /* Build configuration list for PBXNativeTarget "iQuizTests" */;
			buildPhases = (
				FFE0EB452030D57900A5256F /* Sources */,
				FFE0EB462030D57900A5256F /* Frameworks */,
				FFE0EB472030D57900A5256F /* Resources */,
			);
			buildRules = (
			);
			dependencies = (
				FFE0EB4B2030D57900A5256F /* PBXTargetDependency */,
			);
			name = iQuizTests;
			productName = iQuizTests;
			productReference = FFE0EB492030D57900A5256F /* iQuizTests.xctest */;
			productType = "com.apple.product-type.bundle.unit-test";
		};
		FFE0EB532030D57900A5256F /* iQuizUITests */ = {
			isa = PBXNativeTarget;
			buildConfigurationList = FFE0EB632030D57900A5256F /* Build configuration list for PBXNativeTarget "iQuizUITests" */;
			buildPhases = (
				FFE0EB502030D57900A5256F /* Sources */,
				FFE0EB512030D57900A5256F /* Frameworks */,
				FFE0EB522030D57900A5256F /* Resources */,
			);
			buildRules = (
			);
			dependencies = (
				FFE0EB562030D57900A5256F /* PBXTargetDependency */,
			);
			name = iQuizUITests;
			productName = iQuizUITests;
			productReference = FFE0EB542030D57900A5256F /* iQuizUITests.xctest */;
			productType = "com.apple.product-type.bundle.ui-testing";
		};
/* End PBXNativeTarget section */

/* Begin PBXProject section */
		FFE0EB2D2030D57900A5256F /* Project object */ = {
			isa = PBXProject;
			attributes = {
				LastSwiftUpdateCheck = 0920;
				LastUpgradeCheck = 0920;
				ORGANIZATIONNAME = "Sam Sturtevant";
				TargetAttributes = {
					FFE0EB342030D57900A5256F = {
						CreatedOnToolsVersion = 9.2;
						ProvisioningStyle = Automatic;
					};
					FFE0EB482030D57900A5256F = {
						CreatedOnToolsVersion = 9.2;
						ProvisioningStyle = Automatic;
						TestTargetID = FFE0EB342030D57900A5256F;
					};
					FFE0EB532030D57900A5256F = {
						CreatedOnToolsVersion = 9.2;
						ProvisioningStyle = Automatic;
						TestTargetID = FFE0EB342030D57900A5256F;
					};
				};
			};
			buildConfigurationList = FFE0EB302030D57900A5256F /* Build configuration list for PBXProject "iQuiz" */;
			compatibilityVersion = "Xcode 8.0";
			developmentRegion = en;
			hasScannedForEncodings = 0;
			knownRegions = (
				en,
				Base,
			);
			mainGroup = FFE0EB2C2030D57900A5256F;
			productRefGroup = FFE0EB362030D57900A5256F /* Products */;
			projectDirPath = "";
			projectRoot = "";
			targets = (
				FFE0EB342030D57900A5256F /* iQuiz */,
				FFE0EB482030D57900A5256F /* iQuizTests */,
				FFE0EB532030D57900A5256F /* iQuizUITests */,
			);
		};
/* End PBXProject section */

/* Begin PBXResourcesBuildPhase section */
		FFE0EB332030D57900A5256F /* Resources */ = {
			isa = PBXResourcesBuildPhase;
			buildActionMask = 2147483647;
			files = (
				FFE0EB432030D57900A5256F /* LaunchScreen.storyboard in Resources */,
				FFE0EB402030D57900A5256F /* Assets.xcassets in Resources */,
				FFE0EB3E2030D57900A5256F /* Main.storyboard in Resources */,
			);
			runOnlyForDeploymentPostprocessing = 0;
		};
		FFE0EB472030D57900A5256F /* Resources */ = {
			isa = PBXResourcesBuildPhase;
			buildActionMask = 2147483647;
			files = (
			);
			runOnlyForDeploymentPostprocessing = 0;
		};
		FFE0EB522030D57900A5256F /* Resources */ = {
			isa = PBXResourcesBuildPhase;
			buildActionMask = 2147483647;
			files = (
			);
			runOnlyForDeploymentPostprocessing = 0;
		};
/* End PBXResourcesBuildPhase section */

/* Begin PBXSourcesBuildPhase section */
		FFE0EB312030D57900A5256F /* Sources */ = {
			isa = PBXSourcesBuildPhase;
			buildActionMask = 2147483647;
			files = (
				FFE0EB3B2030D57900A5256F /* ViewController.swift in Sources */,
				FFE0EB672030D67900A5256F /* SubjectRepository.swift in Sources */,
				FFE0EB392030D57900A5256F /* AppDelegate.swift in Sources */,
			);
			runOnlyForDeploymentPostprocessing = 0;
		};
		FFE0EB452030D57900A5256F /* Sources */ = {
			isa = PBXSourcesBuildPhase;
			buildActionMask = 2147483647;
			files = (
				FFE0EB4E2030D57900A5256F /* iQuizTests.swift in Sources */,
			);
			runOnlyForDeploymentPostprocessing = 0;
		};
		FFE0EB502030D57900A5256F /* Sources */ = {
			isa = PBXSourcesBuildPhase;
			buildActionMask = 2147483647;
			files = (
				FFE0EB592030D57900A5256F /* iQuizUITests.swift in Sources */,
			);
			runOnlyForDeploymentPostprocessing = 0;
		};
/* End PBXSourcesBuildPhase section */

/* Begin PBXTargetDependency section */
		FFE0EB4B2030D57900A5256F /* PBXTargetDependency */ = {
			isa = PBXTargetDependency;
			target = FFE0EB342030D57900A5256F /* iQuiz */;
			targetProxy = FFE0EB4A2030D57900A5256F /* PBXContainerItemProxy */;
		};
		FFE0EB562030D57900A5256F /* PBXTargetDependency */ = {
			isa = PBXTargetDependency;
			target = FFE0EB342030D57900A5256F /* iQuiz */;
			targetProxy = FFE0EB552030D57900A5256F /* PBXContainerItemProxy */;
		};
/* End PBXTargetDependency section */

/* Begin PBXVariantGroup section */
		FFE0EB3C2030D57900A5256F /* Main.storyboard */ = {
			isa = PBXVariantGroup;
			children = (
				FFE0EB3D2030D57900A5256F /* Base */,
			);
			name = Main.storyboard;
			sourceTree = "<group>";
		};
		FFE0EB412030D57900A5256F /* LaunchScreen.storyboard */ = {
			isa = PBXVariantGroup;
			children = (
				FFE0EB422030D57900A5256F /* Base */,
			);
			name = LaunchScreen.storyboard;
			sourceTree = "<group>";
		};
/* End PBXVariantGroup section */

/* Begin XCBuildConfiguration section */
		FFE0EB5B2030D57900A5256F /* Debug */ = {
			isa = XCBuildConfiguration;
			buildSettings = {
				ALWAYS_SEARCH_USER_PATHS = NO;
				CLANG_ANALYZER_NONNULL = YES;
				CLANG_ANALYZER_NUMBER_OBJECT_CONVERSION = YES_AGGRESSIVE;
				CLANG_CXX_LANGUAGE_STANDARD = "gnu++14";
				CLANG_CXX_LIBRARY = "libc++";
				CLANG_ENABLE_MODULES = YES;
				CLANG_ENABLE_OBJC_ARC = YES;
				CLANG_WARN_BLOCK_CAPTURE_AUTORELEASING = YES;
				CLANG_WARN_BOOL_CONVERSION = YES;
				CLANG_WARN_COMMA = YES;
				CLANG_WARN_CONSTANT_CONVERSION = YES;
				CLANG_WARN_DIRECT_OBJC_ISA_USAGE = YES_ERROR;
				CLANG_WARN_DOCUMENTATION_COMMENTS = YES;
				CLANG_WARN_EMPTY_BODY = YES;
				CLANG_WARN_ENUM_CONVERSION = YES;
				CLANG_WARN_INFINITE_RECURSION = YES;
				CLANG_WARN_INT_CONVERSION = YES;
				CLANG_WARN_NON_LITERAL_NULL_CONVERSION = YES;
				CLANG_WARN_OBJC_LITERAL_CONVERSION = YES;
				CLANG_WARN_OBJC_ROOT_CLASS = YES_ERROR;
				CLANG_WARN_RANGE_LOOP_ANALYSIS = YES;
				CLANG_WARN_STRICT_PROTOTYPES = YES;
				CLANG_WARN_SUSPICIOUS_MOVE = YES;
				CLANG_WARN_UNGUARDED_AVAILABILITY = YES_AGGRESSIVE;
				CLANG_WARN_UNREACHABLE_CODE = YES;
				CLANG_WARN__DUPLICATE_METHOD_MATCH = YES;
				CODE_SIGN_IDENTITY = "iPhone Developer";
				COPY_PHASE_STRIP = NO;
				DEBUG_INFORMATION_FORMAT = dwarf;
				ENABLE_STRICT_OBJC_MSGSEND = YES;
				ENABLE_TESTABILITY = YES;
				GCC_C_LANGUAGE_STANDARD = gnu11;
				GCC_DYNAMIC_NO_PIC = NO;
				GCC_NO_COMMON_BLOCKS = YES;
				GCC_OPTIMIZATION_LEVEL = 0;
				GCC_PREPROCESSOR_DEFINITIONS = (
					"DEBUG=1",
					"$(inherited)",
				);
				GCC_WARN_64_TO_32_BIT_CONVERSION = YES;
				GCC_WARN_ABOUT_RETURN_TYPE = YES_ERROR;
				GCC_WARN_UNDECLARED_SELECTOR = YES;
				GCC_WARN_UNINITIALIZED_AUTOS = YES_AGGRESSIVE;
				GCC_WARN_UNUSED_FUNCTION = YES;
				GCC_WARN_UNUSED_VARIABLE = YES;
				IPHONEOS_DEPLOYMENT_TARGET = 11.2;
				MTL_ENABLE_DEBUG_INFO = YES;
				ONLY_ACTIVE_ARCH = YES;
				SDKROOT = iphoneos;
				SWIFT_ACTIVE_COMPILATION_CONDITIONS = DEBUG;
				SWIFT_OPTIMIZATION_LEVEL = "-Onone";
			};
			name = Debug;
		};
		FFE0EB5C2030D57900A5256F /* Release */ = {
			isa = XCBuildConfiguration;
			buildSettings = {
				ALWAYS_SEARCH_USER_PATHS = NO;
				CLANG_ANALYZER_NONNULL = YES;
				CLANG_ANALYZER_NUMBER_OBJECT_CONVERSION = YES_AGGRESSIVE;
				CLANG_CXX_LANGUAGE_STANDARD = "gnu++14";
				CLANG_CXX_LIBRARY = "libc++";
				CLANG_ENABLE_MODULES = YES;
				CLANG_ENABLE_OBJC_ARC = YES;
				CLANG_WARN_BLOCK_CAPTURE_AUTORELEASING = YES;
				CLANG_WARN_BOOL_CONVERSION = YES;
				CLANG_WARN_COMMA = YES;
				CLANG_WARN_CONSTANT_CONVERSION = YES;
				CLANG_WARN_DIRECT_OBJC_ISA_USAGE = YES_ERROR;
				CLANG_WARN_DOCUMENTATION_COMMENTS = YES;
				CLANG_WARN_EMPTY_BODY = YES;
				CLANG_WARN_ENUM_CONVERSION = YES;
				CLANG_WARN_INFINITE_RECURSION = YES;
				CLANG_WARN_INT_CONVERSION = YES;
				CLANG_WARN_NON_LITERAL_NULL_CONVERSION = YES;
				CLANG_WARN_OBJC_LITERAL_CONVERSION = YES;
				CLANG_WARN_OBJC_ROOT_CLASS = YES_ERROR;
				CLANG_WARN_RANGE_LOOP_ANALYSIS = YES;
				CLANG_WARN_STRICT_PROTOTYPES = YES;
				CLANG_WARN_SUSPICIOUS_MOVE = YES;
				CLANG_WARN_UNGUARDED_AVAILABILITY = YES_AGGRESSIVE;
				CLANG_WARN_UNREACHABLE_CODE = YES;
				CLANG_WARN__DUPLICATE_METHOD_MATCH = YES;
				CODE_SIGN_IDENTITY = "iPhone Developer";
				COPY_PHASE_STRIP = NO;
				DEBUG_INFORMATION_FORMAT = "dwarf-with-dsym";
				ENABLE_NS_ASSERTIONS = NO;
				ENABLE_STRICT_OBJC_MSGSEND = YES;
				GCC_C_LANGUAGE_STANDARD = gnu11;
				GCC_NO_COMMON_BLOCKS = YES;
				GCC_WARN_64_TO_32_BIT_CONVERSION = YES;
				GCC_WARN_ABOUT_RETURN_TYPE = YES_ERROR;
				GCC_WARN_UNDECLARED_SELECTOR = YES;
				GCC_WARN_UNINITIALIZED_AUTOS = YES_AGGRESSIVE;
				GCC_WARN_UNUSED_FUNCTION = YES;
				GCC_WARN_UNUSED_VARIABLE = YES;
				IPHONEOS_DEPLOYMENT_TARGET = 11.2;
				MTL_ENABLE_DEBUG_INFO = NO;
				SDKROOT = iphoneos;
				SWIFT_OPTIMIZATION_LEVEL = "-Owholemodule";
				VALIDATE_PRODUCT = YES;
			};
			name = Release;
		};
		FFE0EB5E2030D57900A5256F /* Debug */ = {
			isa = XCBuildConfiguration;
			buildSettings = {
				ASSETCATALOG_COMPILER_APPICON_NAME = AppIcon;
				CODE_SIGN_STYLE = Automatic;
				DEVELOPMENT_TEAM = 5P454D6468;
				INFOPLIST_FILE = iQuiz/Info.plist;
				LD_RUNPATH_SEARCH_PATHS = "$(inherited) @executable_path/Frameworks";
				PRODUCT_BUNDLE_IDENTIFIER = com.samsturtevant.iQuiz;
				PRODUCT_NAME = "$(TARGET_NAME)";
				SWIFT_VERSION = 4.0;
				TARGETED_DEVICE_FAMILY = "1,2";
			};
			name = Debug;
		};
		FFE0EB5F2030D57900A5256F /* Release */ = {
			isa = XCBuildConfiguration;
			buildSettings = {
				ASSETCATALOG_COMPILER_APPICON_NAME = AppIcon;
				CODE_SIGN_STYLE = Automatic;
				DEVELOPMENT_TEAM = 5P454D6468;
				INFOPLIST_FILE = iQuiz/Info.plist;
				LD_RUNPATH_SEARCH_PATHS = "$(inherited) @executable_path/Frameworks";
				PRODUCT_BUNDLE_IDENTIFIER = com.samsturtevant.iQuiz;
				PRODUCT_NAME = "$(TARGET_NAME)";
				SWIFT_VERSION = 4.0;
				TARGETED_DEVICE_FAMILY = "1,2";
			};
			name = Release;
		};
		FFE0EB612030D57900A5256F /* Debug */ = {
			isa = XCBuildConfiguration;
			buildSettings = {
				ALWAYS_EMBED_SWIFT_STANDARD_LIBRARIES = YES;
				BUNDLE_LOADER = "$(TEST_HOST)";
				CODE_SIGN_STYLE = Automatic;
				DEVELOPMENT_TEAM = 5P454D6468;
				INFOPLIST_FILE = iQuizTests/Info.plist;
				LD_RUNPATH_SEARCH_PATHS = "$(inherited) @executable_path/Frameworks @loader_path/Frameworks";
				PRODUCT_BUNDLE_IDENTIFIER = com.samsturtevant.iQuizTests;
				PRODUCT_NAME = "$(TARGET_NAME)";
				SWIFT_VERSION = 4.0;
				TARGETED_DEVICE_FAMILY = "1,2";
				TEST_HOST = "$(BUILT_PRODUCTS_DIR)/iQuiz.app/iQuiz";
			};
			name = Debug;
		};
		FFE0EB622030D57900A5256F /* Release */ = {
			isa = XCBuildConfiguration;
			buildSettings = {
				ALWAYS_EMBED_SWIFT_STANDARD_LIBRARIES = YES;
				BUNDLE_LOADER = "$(TEST_HOST)";
				CODE_SIGN_STYLE = Automatic;
				DEVELOPMENT_TEAM = 5P454D6468;
				INFOPLIST_FILE = iQuizTests/Info.plist;
				LD_RUNPATH_SEARCH_PATHS = "$(inherited) @executable_path/Frameworks @loader_path/Frameworks";
				PRODUCT_BUNDLE_IDENTIFIER = com.samsturtevant.iQuizTests;
				PRODUCT_NAME = "$(TARGET_NAME)";
				SWIFT_VERSION = 4.0;
				TARGETED_DEVICE_FAMILY = "1,2";
				TEST_HOST = "$(BUILT_PRODUCTS_DIR)/iQuiz.app/iQuiz";
			};
			name = Release;
		};
		FFE0EB642030D57900A5256F /* Debug */ = {
			isa = XCBuildConfiguration;
			buildSettings = {
				ALWAYS_EMBED_SWIFT_STANDARD_LIBRARIES = YES;
				CODE_SIGN_STYLE = Automatic;
				DEVELOPMENT_TEAM = 5P454D6468;
				INFOPLIST_FILE = iQuizUITests/Info.plist;
				LD_RUNPATH_SEARCH_PATHS = "$(inherited) @executable_path/Frameworks @loader_path/Frameworks";
				PRODUCT_BUNDLE_IDENTIFIER = com.samsturtevant.iQuizUITests;
				PRODUCT_NAME = "$(TARGET_NAME)";
				SWIFT_VERSION = 4.0;
				TARGETED_DEVICE_FAMILY = "1,2";
				TEST_TARGET_NAME = iQuiz;
			};
			name = Debug;
		};
		FFE0EB652030D57900A5256F /* Release */ = {
			isa = XCBuildConfiguration;
			buildSettings = {
				ALWAYS_EMBED_SWIFT_STANDARD_LIBRARIES = YES;
				CODE_SIGN_STYLE = Automatic;
				DEVELOPMENT_TEAM = 5P454D6468;
				INFOPLIST_FILE = iQuizUITests/Info.plist;
				LD_RUNPATH_SEARCH_PATHS = "$(inherited) @executable_path/Frameworks @loader_path/Frameworks";
				PRODUCT_BUNDLE_IDENTIFIER = com.samsturtevant.iQuizUITests;
				PRODUCT_NAME = "$(TARGET_NAME)";
				SWIFT_VERSION = 4.0;
				TARGETED_DEVICE_FAMILY = "1,2";
				TEST_TARGET_NAME = iQuiz;
			};
			name = Release;
		};
/* End XCBuildConfiguration section */

/* Begin XCConfigurationList section */
		FFE0EB302030D57900A5256F /* Build configuration list for PBXProject "iQuiz" */ = {
			isa = XCConfigurationList;
			buildConfigurations = (
				FFE0EB5B2030D57900A5256F /* Debug */,
				FFE0EB5C2030D57900A5256F /* Release */,
			);
			defaultConfigurationIsVisible = 0;
			defaultConfigurationName = Release;
		};
		FFE0EB5D2030D57900A5256F /* Build configuration list for PBXNativeTarget "iQuiz" */ = {
			isa = XCConfigurationList;
			buildConfigurations = (
				FFE0EB5E2030D57900A5256F /* Debug */,
				FFE0EB5F2030D57900A5256F /* Release */,
			);
			defaultConfigurationIsVisible = 0;
			defaultConfigurationName = Release;
		};
		FFE0EB602030D57900A5256F /* Build configuration list for PBXNativeTarget "iQuizTests" */ = {
			isa = XCConfigurationList;
			buildConfigurations = (
				FFE0EB612030D57900A5256F /* Debug */,
				FFE0EB622030D57900A5256F /* Release */,
			);
			defaultConfigurationIsVisible = 0;
			defaultConfigurationName = Release;
		};
		FFE0EB632030D57900A5256F /* Build configuration list for PBXNativeTarget "iQuizUITests" */ = {
			isa = XCConfigurationList;
			buildConfigurations = (
				FFE0EB642030D57900A5256F /* Debug */,
				FFE0EB652030D57900A5256F /* Release */,
			);
			defaultConfigurationIsVisible = 0;
			defaultConfigurationName = Release;
		};
/* End XCConfigurationList section */
	};
	rootObject = FFE0EB2D2030D57900A5256F /* Project object */;
}
